
Microsoft Visual Studio Solution File, Format Version 12.00
# Visual Studio Version 17
VisualStudioVersion = 17.11.35222.181
MinimumVisualStudioVersion = 10.0.40219.1
Project("{FAE04EC0-301F-11D3-BF4B-00C04F79EFBC}") = "калькулятор", "калькулятор.csproj", "{4857F634-C2F1-4535-80D5-A7B76499C9C2}"
EndProject
Global
	GlobalSection(SolutionConfigurationPlatforms) = preSolution
		Debug|Any CPU = Debug|Any CPU
		Release|Any CPU = Release|Any CPU
	EndGlobalSection
	GlobalSection(ProjectConfigurationPlatforms) = postSolution
		{4857F634-C2F1-4535-80D5-A7B76499C9C2}.Debug|Any CPU.ActiveCfg = Debug|Any CPU
		{4857F634-C2F1-4535-80D5-A7B76499C9C2}.Debug|Any CPU.Build.0 = Debug|Any CPU
		{4857F634-C2F1-4535-80D5-A7B76499C9C2}.Release|Any CPU.ActiveCfg = Release|Any CPU
		{4857F634-C2F1-4535-80D5-A7B76499C9C2}.Release|Any CPU.Build.0 = Release|Any CPU
	EndGlobalSection
	GlobalSection(SolutionProperties) = preSolution
		HideSolutionNode = FALSE
	EndGlobalSection
	GlobalSection(ExtensibilityGlobals) = postSolution
		SolutionGuid = {C3585A80-81C2-4797-83ED-284F794839AD}
	EndGlobalSection
EndGlobal
